
Microsoft Visual Studio Solution File, Format Version 12.00
# Visual Studio Version 16
VisualStudioVersion = 16.0.29201.188
MinimumVisualStudioVersion = 10.0.40219.1
Project("{9A19103F-16F7-4668-BE54-9A1E7A4F7556}") = "UniversalPrism.Core", "UniversalPrism.Core\UniversalPrism.Core.csproj", "{4AC34E5B-53E9-43A8-931C-4A8BDCD12362}"
EndProject
Project("{FAE04EC0-301F-11D3-BF4B-00C04F79EFBC}") = "UniversalPrism.View", "UniversalPrism.View\UniversalPrism.View.csproj", "{EF4E2E0A-B104-4019-BC96-A8CB7ED6D542}"
EndProject
Project("{2150E333-8FDC-42A3-9474-1A3956D46DE8}") = "Samples", "Samples", "{58A95C55-C133-42E7-A25F-7B5616C4268A}"
EndProject
Project("{FAE04EC0-301F-11D3-BF4B-00C04F79EFBC}") = "QuickStart", "QuickStart\QuickStart.csproj", "{8EA385A4-612D-415C-9825-7CBAEAFE9507}"
EndProject
Project("{FAE04EC0-301F-11D3-BF4B-00C04F79EFBC}") = "UniversalPrism.Unity", "UniversalPrism.Unity\UniversalPrism.Unity.csproj", "{1325096C-0591-4ED9-B2FA-006BDFCFCD82}"
EndProject
Project("{FAE04EC0-301F-11D3-BF4B-00C04F79EFBC}") = "UniversalPrism.Interactivity", "UniversalPrism.Interactivity\UniversalPrism.Interactivity.csproj", "{57F09B70-7038-44AD-A7D0-7A37CDA915C1}"
EndProject
Global
	GlobalSection(SolutionConfigurationPlatforms) = preSolution
		Debug|Any CPU = Debug|Any CPU
		Debug|ARM = Debug|ARM
		Debug|ARM64 = Debug|ARM64
		Debug|x64 = Debug|x64
		Debug|x86 = Debug|x86
		Release|Any CPU = Release|Any CPU
		Release|ARM = Release|ARM
		Release|ARM64 = Release|ARM64
		Release|x64 = Release|x64
		Release|x86 = Release|x86
	EndGlobalSection
	GlobalSection(ProjectConfigurationPlatforms) = postSolution
		{4AC34E5B-53E9-43A8-931C-4A8BDCD12362}.Debug|Any CPU.ActiveCfg = Debug|Any CPU
		{4AC34E5B-53E9-43A8-931C-4A8BDCD12362}.Debug|Any CPU.Build.0 = Debug|Any CPU
		{4AC34E5B-53E9-43A8-931C-4A8BDCD12362}.Debug|ARM.ActiveCfg = Debug|Any CPU
		{4AC34E5B-53E9-43A8-931C-4A8BDCD12362}.Debug|ARM.Build.0 = Debug|Any CPU
		{4AC34E5B-53E9-43A8-931C-4A8BDCD12362}.Debug|ARM64.ActiveCfg = Debug|Any CPU
		{4AC34E5B-53E9-43A8-931C-4A8BDCD12362}.Debug|ARM64.Build.0 = Debug|Any CPU
		{4AC34E5B-53E9-43A8-931C-4A8BDCD12362}.Debug|x64.ActiveCfg = Debug|Any CPU
		{4AC34E5B-53E9-43A8-931C-4A8BDCD12362}.Debug|x64.Build.0 = Debug|Any CPU
		{4AC34E5B-53E9-43A8-931C-4A8BDCD12362}.Debug|x86.ActiveCfg = Debug|Any CPU
		{4AC34E5B-53E9-43A8-931C-4A8BDCD12362}.Debug|x86.Build.0 = Debug|Any CPU
		{4AC34E5B-53E9-43A8-931C-4A8BDCD12362}.Release|Any CPU.ActiveCfg = Release|Any CPU
		{4AC34E5B-53E9-43A8-931C-4A8BDCD12362}.Release|Any CPU.Build.0 = Release|Any CPU
		{4AC34E5B-53E9-43A8-931C-4A8BDCD12362}.Release|ARM.ActiveCfg = Release|Any CPU
		{4AC34E5B-53E9-43A8-931C-4A8BDCD12362}.Release|ARM.Build.0 = Release|Any CPU
		{4AC34E5B-53E9-43A8-931C-4A8BDCD12362}.Release|ARM64.ActiveCfg = Release|Any CPU
		{4AC34E5B-53E9-43A8-931C-4A8BDCD12362}.Release|ARM64.Build.0 = Release|Any CPU
		{4AC34E5B-53E9-43A8-931C-4A8BDCD12362}.Release|x64.ActiveCfg = Release|Any CPU
		{4AC34E5B-53E9-43A8-931C-4A8BDCD12362}.Release|x64.Build.0 = Release|Any CPU
		{4AC34E5B-53E9-43A8-931C-4A8BDCD12362}.Release|x86.ActiveCfg = Release|Any CPU
		{4AC34E5B-53E9-43A8-931C-4A8BDCD12362}.Release|x86.Build.0 = Release|Any CPU
		{EF4E2E0A-B104-4019-BC96-A8CB7ED6D542}.Debug|Any CPU.ActiveCfg = Debug|Any CPU
		{EF4E2E0A-B104-4019-BC96-A8CB7ED6D542}.Debug|Any CPU.Build.0 = Debug|Any CPU
		{EF4E2E0A-B104-4019-BC96-A8CB7ED6D542}.Debug|ARM.ActiveCfg = Debug|ARM
		{EF4E2E0A-B104-4019-BC96-A8CB7ED6D542}.Debug|ARM.Build.0 = Debug|ARM
		{EF4E2E0A-B104-4019-BC96-A8CB7ED6D542}.Debug|ARM64.ActiveCfg = Debug|ARM64
		{EF4E2E0A-B104-4019-BC96-A8CB7ED6D542}.Debug|ARM64.Build.0 = Debug|ARM64
		{EF4E2E0A-B104-4019-BC96-A8CB7ED6D542}.Debug|x64.ActiveCfg = Debug|x64
		{EF4E2E0A-B104-4019-BC96-A8CB7ED6D542}.Debug|x64.Build.0 = Debug|x64
		{EF4E2E0A-B104-4019-BC96-A8CB7ED6D542}.Debug|x86.ActiveCfg = Debug|x86
		{EF4E2E0A-B104-4019-BC96-A8CB7ED6D542}.Debug|x86.Build.0 = Debug|x86
		{EF4E2E0A-B104-4019-BC96-A8CB7ED6D542}.Release|Any CPU.ActiveCfg = Release|Any CPU
		{EF4E2E0A-B104-4019-BC96-A8CB7ED6D542}.Release|Any CPU.Build.0 = Release|Any CPU
		{EF4E2E0A-B104-4019-BC96-A8CB7ED6D542}.Release|ARM.ActiveCfg = Release|ARM
		{EF4E2E0A-B104-4019-BC96-A8CB7ED6D542}.Release|ARM.Build.0 = Release|ARM
		{EF4E2E0A-B104-4019-BC96-A8CB7ED6D542}.Release|ARM64.ActiveCfg = Release|ARM64
		{EF4E2E0A-B104-4019-BC96-A8CB7ED6D542}.Release|ARM64.Build.0 = Release|ARM64
		{EF4E2E0A-B104-4019-BC96-A8CB7ED6D542}.Release|x64.ActiveCfg = Release|x64
		{EF4E2E0A-B104-4019-BC96-A8CB7ED6D542}.Release|x64.Build.0 = Release|x64
		{EF4E2E0A-B104-4019-BC96-A8CB7ED6D542}.Release|x86.ActiveCfg = Release|x86
		{EF4E2E0A-B104-4019-BC96-A8CB7ED6D542}.Release|x86.Build.0 = Release|x86
		{8EA385A4-612D-415C-9825-7CBAEAFE9507}.Debug|Any CPU.ActiveCfg = Debug|Any CPU
		{8EA385A4-612D-415C-9825-7CBAEAFE9507}.Debug|Any CPU.Build.0 = Debug|Any CPU
		{8EA385A4-612D-415C-9825-7CBAEAFE9507}.Debug|Any CPU.Deploy.0 = Debug|Any CPU
		{8EA385A4-612D-415C-9825-7CBAEAFE9507}.Debug|ARM.ActiveCfg = Debug|ARM
		{8EA385A4-612D-415C-9825-7CBAEAFE9507}.Debug|ARM.Build.0 = Debug|ARM
		{8EA385A4-612D-415C-9825-7CBAEAFE9507}.Debug|ARM.Deploy.0 = Debug|ARM
		{8EA385A4-612D-415C-9825-7CBAEAFE9507}.Debug|ARM64.ActiveCfg = Debug|ARM64
		{8EA385A4-612D-415C-9825-7CBAEAFE9507}.Debug|ARM64.Build.0 = Debug|ARM64
		{8EA385A4-612D-415C-9825-7CBAEAFE9507}.Debug|ARM64.Deploy.0 = Debug|ARM64
		{8EA385A4-612D-415C-9825-7CBAEAFE9507}.Debug|x64.ActiveCfg = Debug|x64
		{8EA385A4-612D-415C-9825-7CBAEAFE9507}.Debug|x64.Build.0 = Debug|x64
		{8EA385A4-612D-415C-9825-7CBAEAFE9507}.Debug|x64.Deploy.0 = Debug|x64
		{8EA385A4-612D-415C-9825-7CBAEAFE9507}.Debug|x86.ActiveCfg = Debug|x86
		{8EA385A4-612D-415C-9825-7CBAEAFE9507}.Debug|x86.Build.0 = Debug|x86
		{8EA385A4-612D-415C-9825-7CBAEAFE9507}.Debug|x86.Deploy.0 = Debug|x86
		{8EA385A4-612D-415C-9825-7CBAEAFE9507}.Release|Any CPU.ActiveCfg = Release|Any CPU
		{8EA385A4-612D-415C-9825-7CBAEAFE9507}.Release|Any CPU.Build.0 = Release|Any CPU
		{8EA385A4-612D-415C-9825-7CBAEAFE9507}.Release|Any CPU.Deploy.0 = Release|Any CPU
		{8EA385A4-612D-415C-9825-7CBAEAFE9507}.Release|ARM.ActiveCfg = Release|ARM
		{8EA385A4-612D-415C-9825-7CBAEAFE9507}.Release|ARM.Build.0 = Release|ARM
		{8EA385A4-612D-415C-9825-7CBAEAFE9507}.Release|ARM.Deploy.0 = Release|ARM
		{8EA385A4-612D-415C-9825-7CBAEAFE9507}.Release|ARM64.ActiveCfg = Release|ARM64
		{8EA385A4-612D-415C-9825-7CBAEAFE9507}.Release|ARM64.Build.0 = Release|ARM64
		{8EA385A4-612D-415C-9825-7CBAEAFE9507}.Release|ARM64.Deploy.0 = Release|ARM64
		{8EA385A4-612D-415C-9825-7CBAEAFE9507}.Release|x64.ActiveCfg = Release|x64
		{8EA385A4-612D-415C-9825-7CBAEAFE9507}.Release|x64.Build.0 = Release|x64
		{8EA385A4-612D-415C-9825-7CBAEAFE9507}.Release|x64.Deploy.0 = Release|x64
		{8EA385A4-612D-415C-9825-7CBAEAFE9507}.Release|x86.ActiveCfg = Release|x86
		{8EA385A4-612D-415C-9825-7CBAEAFE9507}.Release|x86.Build.0 = Release|x86
		{8EA385A4-612D-415C-9825-7CBAEAFE9507}.Release|x86.Deploy.0 = Release|x86
		{1325096C-0591-4ED9-B2FA-006BDFCFCD82}.Debug|Any CPU.ActiveCfg = Debug|Any CPU
		{1325096C-0591-4ED9-B2FA-006BDFCFCD82}.Debug|Any CPU.Build.0 = Debug|Any CPU
		{1325096C-0591-4ED9-B2FA-006BDFCFCD82}.Debug|ARM.ActiveCfg = Debug|ARM
		{1325096C-0591-4ED9-B2FA-006BDFCFCD82}.Debug|ARM.Build.0 = Debug|ARM
		{1325096C-0591-4ED9-B2FA-006BDFCFCD82}.Debug|ARM64.ActiveCfg = Debug|ARM64
		{1325096C-0591-4ED9-B2FA-006BDFCFCD82}.Debug|ARM64.Build.0 = Debug|ARM64
		{1325096C-0591-4ED9-B2FA-006BDFCFCD82}.Debug|x64.ActiveCfg = Debug|x64
		{1325096C-0591-4ED9-B2FA-006BDFCFCD82}.Debug|x64.Build.0 = Debug|x64
		{1325096C-0591-4ED9-B2FA-006BDFCFCD82}.Debug|x86.ActiveCfg = Debug|x86
		{1325096C-0591-4ED9-B2FA-006BDFCFCD82}.Debug|x86.Build.0 = Debug|x86
		{1325096C-0591-4ED9-B2FA-006BDFCFCD82}.Release|Any CPU.ActiveCfg = Release|Any CPU
		{1325096C-0591-4ED9-B2FA-006BDFCFCD82}.Release|Any CPU.Build.0 = Release|Any CPU
		{1325096C-0591-4ED9-B2FA-006BDFCFCD82}.Release|ARM.ActiveCfg = Release|ARM
		{1325096C-0591-4ED9-B2FA-006BDFCFCD82}.Release|ARM.Build.0 = Release|ARM
		{1325096C-0591-4ED9-B2FA-006BDFCFCD82}.Release|ARM64.ActiveCfg = Release|ARM64
		{1325096C-0591-4ED9-B2FA-006BDFCFCD82}.Release|ARM64.Build.0 = Release|ARM64
		{1325096C-0591-4ED9-B2FA-006BDFCFCD82}.Release|x64.ActiveCfg = Release|x64
		{1325096C-0591-4ED9-B2FA-006BDFCFCD82}.Release|x64.Build.0 = Release|x64
		{1325096C-0591-4ED9-B2FA-006BDFCFCD82}.Release|x86.ActiveCfg = Release|x86
		{1325096C-0591-4ED9-B2FA-006BDFCFCD82}.Release|x86.Build.0 = Release|x86
		{57F09B70-7038-44AD-A7D0-7A37CDA915C1}.Debug|Any CPU.ActiveCfg = Debug|Any CPU
		{57F09B70-7038-44AD-A7D0-7A37CDA915C1}.Debug|Any CPU.Build.0 = Debug|Any CPU
		{57F09B70-7038-44AD-A7D0-7A37CDA915C1}.Debug|ARM.ActiveCfg = Debug|ARM
		{57F09B70-7038-44AD-A7D0-7A37CDA915C1}.Debug|ARM.Build.0 = Debug|ARM
		{57F09B70-7038-44AD-A7D0-7A37CDA915C1}.Debug|ARM64.ActiveCfg = Debug|ARM64
		{57F09B70-7038-44AD-A7D0-7A37CDA915C1}.Debug|ARM64.Build.0 = Debug|ARM64
		{57F09B70-7038-44AD-A7D0-7A37CDA915C1}.Debug|x64.ActiveCfg = Debug|x64
		{57F09B70-7038-44AD-A7D0-7A37CDA915C1}.Debug|x64.Build.0 = Debug|x64
		{57F09B70-7038-44AD-A7D0-7A37CDA915C1}.Debug|x86.ActiveCfg = Debug|x86
		{57F09B70-7038-44AD-A7D0-7A37CDA915C1}.Debug|x86.Build.0 = Debug|x86
		{57F09B70-7038-44AD-A7D0-7A37CDA915C1}.Release|Any CPU.ActiveCfg = Release|Any CPU
		{57F09B70-7038-44AD-A7D0-7A37CDA915C1}.Release|Any CPU.Build.0 = Release|Any CPU
		{57F09B70-7038-44AD-A7D0-7A37CDA915C1}.Release|ARM.ActiveCfg = Release|ARM
		{57F09B70-7038-44AD-A7D0-7A37CDA915C1}.Release|ARM.Build.0 = Release|ARM
		{57F09B70-7038-44AD-A7D0-7A37CDA915C1}.Release|ARM64.ActiveCfg = Release|ARM64
		{57F09B70-7038-44AD-A7D0-7A37CDA915C1}.Release|ARM64.Build.0 = Release|ARM64
		{57F09B70-7038-44AD-A7D0-7A37CDA915C1}.Release|x64.ActiveCfg = Release|x64
		{57F09B70-7038-44AD-A7D0-7A37CDA915C1}.Release|x64.Build.0 = Release|x64
		{57F09B70-7038-44AD-A7D0-7A37CDA915C1}.Release|x86.ActiveCfg = Release|x86
		{57F09B70-7038-44AD-A7D0-7A37CDA915C1}.Release|x86.Build.0 = Release|x86
	EndGlobalSection
	GlobalSection(SolutionProperties) = preSolution
		HideSolutionNode = FALSE
	EndGlobalSection
	GlobalSection(NestedProjects) = preSolution
		{8EA385A4-612D-415C-9825-7CBAEAFE9507} = {58A95C55-C133-42E7-A25F-7B5616C4268A}
	EndGlobalSection
	GlobalSection(ExtensibilityGlobals) = postSolution
		SolutionGuid = {3F4B783F-D5A1-4748-811A-D105BE2060A9}
	EndGlobalSection
EndGlobal
